{
  "nodes": {
    "nixpkgs": {
      "locked": {
        "lastModified": 1720705017,
        "narHash": "sha256-eDbw6fazdrsvoQaiTLRHaJgJm2H/HO9uu31dzOf8C5M=",
        "owner": "nixos",
        "repo": "nixpkgs",
        "rev": "bed9309adc836ddea35a5923fdca425d23002abf",
        "type": "github"
      },
      "original": {
        "owner": "nixos",
        "repo": "nixpkgs",
        "type": "github"
      }
    },
    "root": {
      "inputs": {
        "nixpkgs": "nixpkgs"
      }
    }
  },
  "root": "root",
  "version": 7
}
