{
  "nodes": {
    "nixpkgs": {
      "locked": {
        "lastModified": 1713619526,
        "narHash": "sha256-knQ8FwivlEWaVAxmauagXKq5pg7/LQ4JyTpfOoCDw5Y=",
        "owner": "nixos",
        "repo": "nixpkgs",
        "rev": "3582d852c1a76870ba3a44178ba1fbb4079daf84",
        "type": "github"
      },
      "original": {
        "owner": "nixos",
        "repo": "nixpkgs",
        "type": "github"
      }
    },
    "root": {
      "inputs": {
        "nixpkgs": "nixpkgs"
      }
    }
  },
  "root": "root",
  "version": 7
}
