{
  "nodes": {
    "nixpkgs": {
      "locked": {
        "lastModified": 1713599944,
        "narHash": "sha256-05nRCypJ2tootzc+2KLuNUCN3K8lWTODzXi3G+i02LE=",
        "owner": "nixos",
        "repo": "nixpkgs",
        "rev": "62b7bbc42caa9edec8a2d538304acf09beb8712c",
        "type": "github"
      },
      "original": {
        "owner": "nixos",
        "repo": "nixpkgs",
        "type": "github"
      }
    },
    "root": {
      "inputs": {
        "nixpkgs": "nixpkgs"
      }
    }
  },
  "root": "root",
  "version": 7
}
